
Microsoft Visual Studio Solution File, Format Version 12.00
# Visual Studio 15
Project("{FAE04EC0-301F-11D3-BF4B-00C04F79EFBC}") = "Assembly-CSharp", "Assembly-CSharp.csproj", "{5C48421E-04B8-02BC-F6EF-3F9C510766AC}"
EndProject
Project("{FAE04EC0-301F-11D3-BF4B-00C04F79EFBC}") = "Assembly-CSharp", "Assembly-CSharp.Player.csproj", "{6C5A7BE7-52E2-8617-1DFA-11A2239E6091}"
EndProject
Global
	GlobalSection(SolutionConfigurationPlatforms) = preSolution
		Debug|Any CPU = Debug|Any CPU
		Release|Any CPU = Release|Any CPU
	EndGlobalSection
	GlobalSection(ProjectConfigurationPlatforms) = postSolution
		{5C48421E-04B8-02BC-F6EF-3F9C510766AC}.Debug|Any CPU.ActiveCfg = Debug|Any CPU
		{5C48421E-04B8-02BC-F6EF-3F9C510766AC}.Debug|Any CPU.Build.0 = Debug|Any CPU
		{5C48421E-04B8-02BC-F6EF-3F9C510766AC}.Release|Any CPU.ActiveCfg = Release|Any CPU
		{5C48421E-04B8-02BC-F6EF-3F9C510766AC}.Release|Any CPU.Build.0 = Release|Any CPU
		{6C5A7BE7-52E2-8617-1DFA-11A2239E6091}.Debug|Any CPU.ActiveCfg = Debug|Any CPU
		{6C5A7BE7-52E2-8617-1DFA-11A2239E6091}.Debug|Any CPU.Build.0 = Debug|Any CPU
		{6C5A7BE7-52E2-8617-1DFA-11A2239E6091}.Release|Any CPU.ActiveCfg = Release|Any CPU
		{6C5A7BE7-52E2-8617-1DFA-11A2239E6091}.Release|Any CPU.Build.0 = Release|Any CPU
	EndGlobalSection
	GlobalSection(SolutionProperties) = preSolution
		HideSolutionNode = FALSE
	EndGlobalSection
EndGlobal
