
Microsoft Visual Studio Solution File, Format Version 12.00
# Visual Studio 15
Project("{FAE04EC0-301F-11D3-BF4B-00C04F79EFBC}") = "Assembly-CSharp", "Assembly-CSharp.csproj", "{FAA87686-BA7B-43C6-DC2C-102F26723C9F}"
EndProject
Project("{FAE04EC0-301F-11D3-BF4B-00C04F79EFBC}") = "Assembly-CSharp", "Assembly-CSharp.Player.csproj", "{97639301-FEEF-8B1F-60EB-D04273E8881F}"
EndProject
Global
	GlobalSection(SolutionConfigurationPlatforms) = preSolution
		Debug|Any CPU = Debug|Any CPU
		Release|Any CPU = Release|Any CPU
	EndGlobalSection
	GlobalSection(ProjectConfigurationPlatforms) = postSolution
		{FAA87686-BA7B-43C6-DC2C-102F26723C9F}.Debug|Any CPU.ActiveCfg = Debug|Any CPU
		{FAA87686-BA7B-43C6-DC2C-102F26723C9F}.Debug|Any CPU.Build.0 = Debug|Any CPU
		{FAA87686-BA7B-43C6-DC2C-102F26723C9F}.Release|Any CPU.ActiveCfg = Release|Any CPU
		{FAA87686-BA7B-43C6-DC2C-102F26723C9F}.Release|Any CPU.Build.0 = Release|Any CPU
		{97639301-FEEF-8B1F-60EB-D04273E8881F}.Debug|Any CPU.ActiveCfg = Debug|Any CPU
		{97639301-FEEF-8B1F-60EB-D04273E8881F}.Debug|Any CPU.Build.0 = Debug|Any CPU
		{97639301-FEEF-8B1F-60EB-D04273E8881F}.Release|Any CPU.ActiveCfg = Release|Any CPU
		{97639301-FEEF-8B1F-60EB-D04273E8881F}.Release|Any CPU.Build.0 = Release|Any CPU
	EndGlobalSection
	GlobalSection(SolutionProperties) = preSolution
		HideSolutionNode = FALSE
	EndGlobalSection
EndGlobal
